
Microsoft Visual Studio Solution File, Format Version 12.00
# Visual Studio Version 16
VisualStudioVersion = 16.0.32510.428
MinimumVisualStudioVersion = 10.0.40219.1
Project("{8BC9CEB8-8B4A-11D0-8D11-00A0C91BC942}") = "LinkedListOperations", "LinkedListOperations\LinkedListOperations.vcxproj", "{55CF93C7-5BDF-4A4A-BDBB-A51E30B637AE}"
EndProject
Project("{8BC9CEB8-8B4A-11D0-8D11-00A0C91BC942}") = "NpmInstall", "NpmInstall\NpmInstall.vcxproj", "{D3ABABFE-ED9D-48CF-97F4-753794869D2F}"
EndProject
Project("{8BC9CEB8-8B4A-11D0-8D11-00A0C91BC942}") = "ZUMA", "ZUMA\ZUMA.vcxproj", "{211A1ACD-1E70-4ACB-A476-6BC47610CC8F}"
EndProject
Global
	GlobalSection(SolutionConfigurationPlatforms) = preSolution
		Debug|x64 = Debug|x64
		Debug|x86 = Debug|x86
		Release|x64 = Release|x64
		Release|x86 = Release|x86
	EndGlobalSection
	GlobalSection(ProjectConfigurationPlatforms) = postSolution
		{55CF93C7-5BDF-4A4A-BDBB-A51E30B637AE}.Debug|x64.ActiveCfg = Debug|x64
		{55CF93C7-5BDF-4A4A-BDBB-A51E30B637AE}.Debug|x64.Build.0 = Debug|x64
		{55CF93C7-5BDF-4A4A-BDBB-A51E30B637AE}.Debug|x86.ActiveCfg = Debug|Win32
		{55CF93C7-5BDF-4A4A-BDBB-A51E30B637AE}.Debug|x86.Build.0 = Debug|Win32
		{55CF93C7-5BDF-4A4A-BDBB-A51E30B637AE}.Release|x64.ActiveCfg = Release|x64
		{55CF93C7-5BDF-4A4A-BDBB-A51E30B637AE}.Release|x64.Build.0 = Release|x64
		{55CF93C7-5BDF-4A4A-BDBB-A51E30B637AE}.Release|x86.ActiveCfg = Release|Win32
		{55CF93C7-5BDF-4A4A-BDBB-A51E30B637AE}.Release|x86.Build.0 = Release|Win32
		{D3ABABFE-ED9D-48CF-97F4-753794869D2F}.Debug|x64.ActiveCfg = Debug|x64
		{D3ABABFE-ED9D-48CF-97F4-753794869D2F}.Debug|x64.Build.0 = Debug|x64
		{D3ABABFE-ED9D-48CF-97F4-753794869D2F}.Debug|x86.ActiveCfg = Debug|Win32
		{D3ABABFE-ED9D-48CF-97F4-753794869D2F}.Debug|x86.Build.0 = Debug|Win32
		{D3ABABFE-ED9D-48CF-97F4-753794869D2F}.Release|x64.ActiveCfg = Release|x64
		{D3ABABFE-ED9D-48CF-97F4-753794869D2F}.Release|x64.Build.0 = Release|x64
		{D3ABABFE-ED9D-48CF-97F4-753794869D2F}.Release|x86.ActiveCfg = Release|Win32
		{D3ABABFE-ED9D-48CF-97F4-753794869D2F}.Release|x86.Build.0 = Release|Win32
		{211A1ACD-1E70-4ACB-A476-6BC47610CC8F}.Debug|x64.ActiveCfg = Debug|x64
		{211A1ACD-1E70-4ACB-A476-6BC47610CC8F}.Debug|x64.Build.0 = Debug|x64
		{211A1ACD-1E70-4ACB-A476-6BC47610CC8F}.Debug|x86.ActiveCfg = Debug|Win32
		{211A1ACD-1E70-4ACB-A476-6BC47610CC8F}.Debug|x86.Build.0 = Debug|Win32
		{211A1ACD-1E70-4ACB-A476-6BC47610CC8F}.Release|x64.ActiveCfg = Release|x64
		{211A1ACD-1E70-4ACB-A476-6BC47610CC8F}.Release|x64.Build.0 = Release|x64
		{211A1ACD-1E70-4ACB-A476-6BC47610CC8F}.Release|x86.ActiveCfg = Release|Win32
		{211A1ACD-1E70-4ACB-A476-6BC47610CC8F}.Release|x86.Build.0 = Release|Win32
	EndGlobalSection
	GlobalSection(SolutionProperties) = preSolution
		HideSolutionNode = FALSE
	EndGlobalSection
	GlobalSection(ExtensibilityGlobals) = postSolution
		SolutionGuid = {83776F89-CFE3-47ED-8A6E-6CFF4C67B99B}
	EndGlobalSection
EndGlobal
